
Microsoft Visual Studio Solution File, Format Version 12.00
# Visual Studio Version 17
VisualStudioVersion = 17.1.32210.238
MinimumVisualStudioVersion = 10.0.40219.1
Project("{FAE04EC0-301F-11D3-BF4B-00C04F79EFBC}") = "Mi primera clase", "Mi primera clase.csproj", "{DB17BE8B-5A54-4F7C-8C5A-2C1D62844B06}"
EndProject
Global
	GlobalSection(SolutionConfigurationPlatforms) = preSolution
		Debug|Any CPU = Debug|Any CPU
		Release|Any CPU = Release|Any CPU
	EndGlobalSection
	GlobalSection(ProjectConfigurationPlatforms) = postSolution
		{DB17BE8B-5A54-4F7C-8C5A-2C1D62844B06}.Debug|Any CPU.ActiveCfg = Debug|Any CPU
		{DB17BE8B-5A54-4F7C-8C5A-2C1D62844B06}.Debug|Any CPU.Build.0 = Debug|Any CPU
		{DB17BE8B-5A54-4F7C-8C5A-2C1D62844B06}.Release|Any CPU.ActiveCfg = Release|Any CPU
		{DB17BE8B-5A54-4F7C-8C5A-2C1D62844B06}.Release|Any CPU.Build.0 = Release|Any CPU
	EndGlobalSection
	GlobalSection(SolutionProperties) = preSolution
		HideSolutionNode = FALSE
	EndGlobalSection
	GlobalSection(ExtensibilityGlobals) = postSolution
		SolutionGuid = {EB5E5448-218C-437F-A93E-D51DD4374DC2}
	EndGlobalSection
EndGlobal
